// !$*UTF8*$!
{
	archiveVersion = 1;
	classes = {
	};
	objectVersion = 56;
	objects = {

/* Begin PBXBuildFile section */
		6E6ECF61291DAAD40051DBF9 /* coffee_app_for_xavierApp.swift in Sources */ = {isa = PBXBuildFile; fileRef = 6E6ECF60291DAAD40051DBF9 /* coffee_app_for_xavierApp.swift */; };
		6E6ECF63291DAAD40051DBF9 /* ContentView.swift in Sources */ = {isa = PBXBuildFile; fileRef = 6E6ECF62291DAAD40051DBF9 /* ContentView.swift */; };
		6E6ECF65291DAAD70051DBF9 /* Assets.xcassets in Resources */ = {isa = PBXBuildFile; fileRef = 6E6ECF64291DAAD70051DBF9 /* Assets.xcassets */; };
		6E6ECF68291DAAD70051DBF9 /* Preview Assets.xcassets in Resources */ = {isa = PBXBuildFile; fileRef = 6E6ECF67291DAAD70051DBF9 /* Preview Assets.xcassets */; };
		6E6ECF71291DAB2B0051DBF9 /* Coffee.swift in Sources */ = {isa = PBXBuildFile; fileRef = 6E6ECF70291DAB2B0051DBF9 /* Coffee.swift */; };
		6E6ECF73291DAB540051DBF9 /* Home.swift in Sources */ = {isa = PBXBuildFile; fileRef = 6E6ECF72291DAB540051DBF9 /* Home.swift */; };
/* End PBXBuildFile section */

/* Begin PBXFileReference section */
		6E6ECF5D291DAAD40051DBF9 /* coffee-app-for-xavier.app */ = {isa = PBXFileReference; explicitFileType = wrapper.application; includeInIndex = 0; path = "coffee-app-for-xavier.app"; sourceTree = BUILT_PRODUCTS_DIR; };
		6E6ECF60291DAAD40051DBF9 /* coffee_app_for_xavierApp.swift */ = {isa = PBXFileReference; lastKnownFileType = sourcecode.swift; path = coffee_app_for_xavierApp.swift; sourceTree = "<group>"; };
		6E6ECF62291DAAD40051DBF9 /* ContentView.swift */ = {isa = PBXFileReference; lastKnownFileType = sourcecode.swift; path = ContentView.swift; sourceTree = "<group>"; };
		6E6ECF64291DAAD70051DBF9 /* Assets.xcassets */ = {isa = PBXFileReference; lastKnownFileType = folder.assetcatalog; path = Assets.xcassets; sourceTree = "<group>"; };
		6E6ECF67291DAAD70051DBF9 /* Preview Assets.xcassets */ = {isa = PBXFileReference; lastKnownFileType = folder.assetcatalog; path = "Preview Assets.xcassets"; sourceTree = "<group>"; };
		6E6ECF70291DAB2B0051DBF9 /* Coffee.swift */ = {isa = PBXFileReference; lastKnownFileType = sourcecode.swift; path = Coffee.swift; sourceTree = "<group>"; };
		6E6ECF72291DAB540051DBF9 /* Home.swift */ = {isa = PBXFileReference; lastKnownFileType = sourcecode.swift; path = Home.swift; sourceTree = "<group>"; };
/* End PBXFileReference section */

/* Begin PBXFrameworksBuildPhase section */
		6E6ECF5A291DAAD40051DBF9 /* Frameworks */ = {
			isa = PBXFrameworksBuildPhase;
			buildActionMask = 2147483647;
			files = (
			);
			runOnlyForDeploymentPostprocessing = 0;
		};
/* End PBXFrameworksBuildPhase section */

/* Begin PBXGroup section */
		6E6ECF54291DAAD40051DBF9 = {
			isa = PBXGroup;
			children = (
				6E6ECF5F291DAAD40051DBF9 /* coffee-app-for-xavier */,
				6E6ECF5E291DAAD40051DBF9 /* Products */,
			);
			sourceTree = "<group>";
		};
		6E6ECF5E291DAAD40051DBF9 /* Products */ = {
			isa = PBXGroup;
			children = (
				6E6ECF5D291DAAD40051DBF9 /* coffee-app-for-xavier.app */,
			);
			name = Products;
			sourceTree = "<group>";
		};
		6E6ECF5F291DAAD40051DBF9 /* coffee-app-for-xavier */ = {
			isa = PBXGroup;
			children = (
				6E6ECF6F291DAB160051DBF9 /* Model */,
				6E6ECF6E291DAB0B0051DBF9 /* View */,
				6E6ECF60291DAAD40051DBF9 /* coffee_app_for_xavierApp.swift */,
				6E6ECF62291DAAD40051DBF9 /* ContentView.swift */,
				6E6ECF64291DAAD70051DBF9 /* Assets.xcassets */,
				6E6ECF66291DAAD70051DBF9 /* Preview Content */,
			);
			path = "coffee-app-for-xavier";
			sourceTree = "<group>";
		};
		6E6ECF66291DAAD70051DBF9 /* Preview Content */ = {
			isa = PBXGroup;
			children = (
				6E6ECF67291DAAD70051DBF9 /* Preview Assets.xcassets */,
			);
			path = "Preview Content";
			sourceTree = "<group>";
		};
		6E6ECF6E291DAB0B0051DBF9 /* View */ = {
			isa = PBXGroup;
			children = (
				6E6ECF72291DAB540051DBF9 /* Home.swift */,
			);
			path = View;
			sourceTree = "<group>";
		};
		6E6ECF6F291DAB160051DBF9 /* Model */ = {
			isa = PBXGroup;
			children = (
				6E6ECF70291DAB2B0051DBF9 /* Coffee.swift */,
			);
			path = Model;
			sourceTree = "<group>";
		};
/* End PBXGroup section */

/* Begin PBXNativeTarget section */
		6E6ECF5C291DAAD40051DBF9 /* coffee-app-for-xavier */ = {
			isa = PBXNativeTarget;
			buildConfigurationList = 6E6ECF6B291DAAD70051DBF9 /* Build configuration list for PBXNativeTarget "coffee-app-for-xavier" */;
			buildPhases = (
				6E6ECF59291DAAD40051DBF9 /* Sources */,
				6E6ECF5A291DAAD40051DBF9 /* Frameworks */,
				6E6ECF5B291DAAD40051DBF9 /* Resources */,
			);
			buildRules = (
			);
			dependencies = (
			);
			name = "coffee-app-for-xavier";
			productName = "coffee-app-for-xavier";
			productReference = 6E6ECF5D291DAAD40051DBF9 /* coffee-app-for-xavier.app */;
			productType = "com.apple.product-type.application";
		};
/* End PBXNativeTarget section */

/* Begin PBXProject section */
		6E6ECF55291DAAD40051DBF9 /* Project object */ = {
			isa = PBXProject;
			attributes = {
				BuildIndependentTargetsInParallel = 1;
				LastSwiftUpdateCheck = 1410;
				LastUpgradeCheck = 1410;
				TargetAttributes = {
					6E6ECF5C291DAAD40051DBF9 = {
						CreatedOnToolsVersion = 14.1;
					};
				};
			};
			buildConfigurationList = 6E6ECF58291DAAD40051DBF9 /* Build configuration list for PBXProject "coffee-app-for-xavier" */;
			compatibilityVersion = "Xcode 14.0";
			developmentRegion = en;
			hasScannedForEncodings = 0;
			knownRegions = (
				en,
				Base,
			);
			mainGroup = 6E6ECF54291DAAD40051DBF9;
			productRefGroup = 6E6ECF5E291DAAD40051DBF9 /* Products */;
			projectDirPath = "";
			projectRoot = "";
			targets = (
				6E6ECF5C291DAAD40051DBF9 /* coffee-app-for-xavier */,
			);
		};
/* End PBXProject section */

/* Begin PBXResourcesBuildPhase section */
		6E6ECF5B291DAAD40051DBF9 /* Resources */ = {
			isa = PBXResourcesBuildPhase;
			buildActionMask = 2147483647;
			files = (
				6E6ECF68291DAAD70051DBF9 /* Preview Assets.xcassets in Resources */,
				6E6ECF65291DAAD70051DBF9 /* Assets.xcassets in Resources */,
			);
			runOnlyForDeploymentPostprocessing = 0;
		};
/* End PBXResourcesBuildPhase section */

/* Begin PBXSourcesBuildPhase section */
		6E6ECF59291DAAD40051DBF9 /* Sources */ = {
			isa = PBXSourcesBuildPhase;
			buildActionMask = 2147483647;
			files = (
				6E6ECF63291DAAD40051DBF9 /* ContentView.swift in Sources */,
				6E6ECF61291DAAD40051DBF9 /* coffee_app_for_xavierApp.swift in Sources */,
				6E6ECF73291DAB540051DBF9 /* Home.swift in Sources */,
				6E6ECF71291DAB2B0051DBF9 /* Coffee.swift in Sources */,
			);
			runOnlyForDeploymentPostprocessing = 0;
		};
/* End PBXSourcesBuildPhase section */

/* Begin XCBuildConfiguration section */
		6E6ECF69291DAAD70051DBF9 /* Debug */ = {
			isa = XCBuildConfiguration;
			buildSettings = {
				ALWAYS_SEARCH_USER_PATHS = NO;
				CLANG_ANALYZER_NONNULL = YES;
				CLANG_ANALYZER_NUMBER_OBJECT_CONVERSION = YES_AGGRESSIVE;
				CLANG_CXX_LANGUAGE_STANDARD = "gnu++20";
				CLANG_ENABLE_MODULES = YES;
				CLANG_ENABLE_OBJC_ARC = YES;
				CLANG_ENABLE_OBJC_WEAK = YES;
				CLANG_WARN_BLOCK_CAPTURE_AUTORELEASING = YES;
				CLANG_WARN_BOOL_CONVERSION = YES;
				CLANG_WARN_COMMA = YES;
				CLANG_WARN_CONSTANT_CONVERSION = YES;
				CLANG_WARN_DEPRECATED_OBJC_IMPLEMENTATIONS = YES;
				CLANG_WARN_DIRECT_OBJC_ISA_USAGE = YES_ERROR;
				CLANG_WARN_DOCUMENTATION_COMMENTS = YES;
				CLANG_WARN_EMPTY_BODY = YES;
				CLANG_WARN_ENUM_CONVERSION = YES;
				CLANG_WARN_INFINITE_RECURSION = YES;
				CLANG_WARN_INT_CONVERSION = YES;
				CLANG_WARN_NON_LITERAL_NULL_CONVERSION = YES;
				CLANG_WARN_OBJC_IMPLICIT_RETAIN_SELF = YES;
				CLANG_WARN_OBJC_LITERAL_CONVERSION = YES;
				CLANG_WARN_OBJC_ROOT_CLASS = YES_ERROR;
				CLANG_WARN_QUOTED_INCLUDE_IN_FRAMEWORK_HEADER = YES;
				CLANG_WARN_RANGE_LOOP_ANALYSIS = YES;
				CLANG_WARN_STRICT_PROTOTYPES = YES;
				CLANG_WARN_SUSPICIOUS_MOVE = YES;
				CLANG_WARN_UNGUARDED_AVAILABILITY = YES_AGGRESSIVE;
				CLANG_WARN_UNREACHABLE_CODE = YES;
				CLANG_WARN__DUPLICATE_METHOD_MATCH = YES;
				COPY_PHASE_STRIP = NO;
				DEBUG_INFORMATION_FORMAT = dwarf;
				ENABLE_STRICT_OBJC_MSGSEND = YES;
				ENABLE_TESTABILITY = YES;
				GCC_C_LANGUAGE_STANDARD = gnu11;
				GCC_DYNAMIC_NO_PIC = NO;
				GCC_NO_COMMON_BLOCKS = YES;
				GCC_OPTIMIZATION_LEVEL = 0;
				GCC_PREPROCESSOR_DEFINITIONS = (
					"DEBUG=1",
					"$(inherited)",
				);
				GCC_WARN_64_TO_32_BIT_CONVERSION = YES;
				GCC_WARN_ABOUT_RETURN_TYPE = YES_ERROR;
				GCC_WARN_UNDECLARED_SELECTOR = YES;
				GCC_WARN_UNINITIALIZED_AUTOS = YES_AGGRESSIVE;
				GCC_WARN_UNUSED_FUNCTION = YES;
				GCC_WARN_UNUSED_VARIABLE = YES;
				IPHONEOS_DEPLOYMENT_TARGET = 16.1;
				MTL_ENABLE_DEBUG_INFO = INCLUDE_SOURCE;
				MTL_FAST_MATH = YES;
				ONLY_ACTIVE_ARCH = YES;
				SDKROOT = iphoneos;
				SWIFT_ACTIVE_COMPILATION_CONDITIONS = DEBUG;
				SWIFT_OPTIMIZATION_LEVEL = "-Onone";
			};
			name = Debug;
		};
		6E6ECF6A291DAAD70051DBF9 /* Release */ = {
			isa = XCBuildConfiguration;
			buildSettings = {
				ALWAYS_SEARCH_USER_PATHS = NO;
				CLANG_ANALYZER_NONNULL = YES;
				CLANG_ANALYZER_NUMBER_OBJECT_CONVERSION = YES_AGGRESSIVE;
				CLANG_CXX_LANGUAGE_STANDARD = "gnu++20";
				CLANG_ENABLE_MODULES = YES;
				CLANG_ENABLE_OBJC_ARC = YES;
				CLANG_ENABLE_OBJC_WEAK = YES;
				CLANG_WARN_BLOCK_CAPTURE_AUTORELEASING = YES;
				CLANG_WARN_BOOL_CONVERSION = YES;
				CLANG_WARN_COMMA = YES;
				CLANG_WARN_CONSTANT_CONVERSION = YES;
				CLANG_WARN_DEPRECATED_OBJC_IMPLEMENTATIONS = YES;
				CLANG_WARN_DIRECT_OBJC_ISA_USAGE = YES_ERROR;
				CLANG_WARN_DOCUMENTATION_COMMENTS = YES;
				CLANG_WARN_EMPTY_BODY = YES;
				CLANG_WARN_ENUM_CONVERSION = YES;
				CLANG_WARN_INFINITE_RECURSION = YES;
				CLANG_WARN_INT_CONVERSION = YES;
				CLANG_WARN_NON_LITERAL_NULL_CONVERSION = YES;
				CLANG_WARN_OBJC_IMPLICIT_RETAIN_SELF = YES;
				CLANG_WARN_OBJC_LITERAL_CONVERSION = YES;
				CLANG_WARN_OBJC_ROOT_CLASS = YES_ERROR;
				CLANG_WARN_QUOTED_INCLUDE_IN_FRAMEWORK_HEADER = YES;
				CLANG_WARN_RANGE_LOOP_ANALYSIS = YES;
				CLANG_WARN_STRICT_PROTOTYPES = YES;
				CLANG_WARN_SUSPICIOUS_MOVE = YES;
				CLANG_WARN_UNGUARDED_AVAILABILITY = YES_AGGRESSIVE;
				CLANG_WARN_UNREACHABLE_CODE = YES;
				CLANG_WARN__DUPLICATE_METHOD_MATCH = YES;
				COPY_PHASE_STRIP = NO;
				DEBUG_INFORMATION_FORMAT = "dwarf-with-dsym";
				ENABLE_NS_ASSERTIONS = NO;
				ENABLE_STRICT_OBJC_MSGSEND = YES;
				GCC_C_LANGUAGE_STANDARD = gnu11;
				GCC_NO_COMMON_BLOCKS = YES;
				GCC_WARN_64_TO_32_BIT_CONVERSION = YES;
				GCC_WARN_ABOUT_RETURN_TYPE = YES_ERROR;
				GCC_WARN_UNDECLARED_SELECTOR = YES;
				GCC_WARN_UNINITIALIZED_AUTOS = YES_AGGRESSIVE;
				GCC_WARN_UNUSED_FUNCTION = YES;
				GCC_WARN_UNUSED_VARIABLE = YES;
				IPHONEOS_DEPLOYMENT_TARGET = 16.1;
				MTL_ENABLE_DEBUG_INFO = NO;
				MTL_FAST_MATH = YES;
				SDKROOT = iphoneos;
				SWIFT_COMPILATION_MODE = wholemodule;
				SWIFT_OPTIMIZATION_LEVEL = "-O";
				VALIDATE_PRODUCT = YES;
			};
			name = Release;
		};
		6E6ECF6C291DAAD70051DBF9 /* Debug */ = {
			isa = XCBuildConfiguration;
			buildSettings = {
				ASSETCATALOG_COMPILER_APPICON_NAME = AppIcon;
				ASSETCATALOG_COMPILER_GLOBAL_ACCENT_COLOR_NAME = AccentColor;
				CODE_SIGN_STYLE = Automatic;
				CURRENT_PROJECT_VERSION = 1;
				DEVELOPMENT_ASSET_PATHS = "\"coffee-app-for-xavier/Preview Content\"";
				ENABLE_PREVIEWS = YES;
				GENERATE_INFOPLIST_FILE = YES;
				INFOPLIST_KEY_UIApplicationSceneManifest_Generation = YES;
				INFOPLIST_KEY_UIApplicationSupportsIndirectInputEvents = YES;
				INFOPLIST_KEY_UILaunchScreen_Generation = YES;
				INFOPLIST_KEY_UISupportedInterfaceOrientations_iPad = "UIInterfaceOrientationPortrait UIInterfaceOrientationPortraitUpsideDown UIInterfaceOrientationLandscapeLeft UIInterfaceOrientationLandscapeRight";
				INFOPLIST_KEY_UISupportedInterfaceOrientations_iPhone = "UIInterfaceOrientationPortrait UIInterfaceOrientationLandscapeLeft UIInterfaceOrientationLandscapeRight";
				LD_RUNPATH_SEARCH_PATHS = (
					"$(inherited)",
					"@executable_path/Frameworks",
				);
				MARKETING_VERSION = 1.0;
				PRODUCT_BUNDLE_IDENTIFIER = "com.krystalzhang612.coffee-app-for-xavier";
				PRODUCT_NAME = "$(TARGET_NAME)";
				SWIFT_EMIT_LOC_STRINGS = YES;
				SWIFT_VERSION = 5.0;
				TARGETED_DEVICE_FAMILY = "1,2";
			};
			name = Debug;
		};
		6E6ECF6D291DAAD70051DBF9 /* Release */ = {
			isa = XCBuildConfiguration;
			buildSettings = {
				ASSETCATALOG_COMPILER_APPICON_NAME = AppIcon;
				ASSETCATALOG_COMPILER_GLOBAL_ACCENT_COLOR_NAME = AccentColor;
				CODE_SIGN_STYLE = Automatic;
				CURRENT_PROJECT_VERSION = 1;
				DEVELOPMENT_ASSET_PATHS = "\"coffee-app-for-xavier/Preview Content\"";
				ENABLE_PREVIEWS = YES;
				GENERATE_INFOPLIST_FILE = YES;
				INFOPLIST_KEY_UIApplicationSceneManifest_Generation = YES;
				INFOPLIST_KEY_UIApplicationSupportsIndirectInputEvents = YES;
				INFOPLIST_KEY_UILaunchScreen_Generation = YES;
				INFOPLIST_KEY_UISupportedInterfaceOrientations_iPad = "UIInterfaceOrientationPortrait UIInterfaceOrientationPortraitUpsideDown UIInterfaceOrientationLandscapeLeft UIInterfaceOrientationLandscapeRight";
				INFOPLIST_KEY_UISupportedInterfaceOrientations_iPhone = "UIInterfaceOrientationPortrait UIInterfaceOrientationLandscapeLeft UIInterfaceOrientationLandscapeRight";
				LD_RUNPATH_SEARCH_PATHS = (
					"$(inherited)",
					"@executable_path/Frameworks",
				);
				MARKETING_VERSION = 1.0;
				PRODUCT_BUNDLE_IDENTIFIER = "com.krystalzhang612.coffee-app-for-xavier";
				PRODUCT_NAME = "$(TARGET_NAME)";
				SWIFT_EMIT_LOC_STRINGS = YES;
				SWIFT_VERSION = 5.0;
				TARGETED_DEVICE_FAMILY = "1,2";
			};
			name = Release;
		};
/* End XCBuildConfiguration section */

/* Begin XCConfigurationList section */
		6E6ECF58291DAAD40051DBF9 /* Build configuration list for PBXProject "coffee-app-for-xavier" */ = {
			isa = XCConfigurationList;
			buildConfigurations = (
				6E6ECF69291DAAD70051DBF9 /* Debug */,
				6E6ECF6A291DAAD70051DBF9 /* Release */,
			);
			defaultConfigurationIsVisible = 0;
			defaultConfigurationName = Release;
		};
		6E6ECF6B291DAAD70051DBF9 /* Build configuration list for PBXNativeTarget "coffee-app-for-xavier" */ = {
			isa = XCConfigurationList;
			buildConfigurations = (
				6E6ECF6C291DAAD70051DBF9 /* Debug */,
				6E6ECF6D291DAAD70051DBF9 /* Release */,
			);
			defaultConfigurationIsVisible = 0;
			defaultConfigurationName = Release;
		};
/* End XCConfigurationList section */
	};
	rootObject = 6E6ECF55291DAAD40051DBF9 /* Project object */;
}
